// !$*UTF8*$!
{
	archiveVersion = 1;
	classes = {
	};
	objectVersion = 46;
	objects = {

/* Begin PBXBuildFile section */
		BA0E1D6315540F7000C48777 /* UIKit.framework in Frameworks */ = {isa = PBXBuildFile; fileRef = BA0E1D6215540F7000C48777 /* UIKit.framework */; };
		BA0E1D6515540F7000C48777 /* Foundation.framework in Frameworks */ = {isa = PBXBuildFile; fileRef = BA0E1D6415540F7000C48777 /* Foundation.framework */; };
		BA0E1D6715540F7000C48777 /* CoreGraphics.framework in Frameworks */ = {isa = PBXBuildFile; fileRef = BA0E1D6615540F7000C48777 /* CoreGraphics.framework */; };
		BA0E1D6D15540F7000C48777 /* InfoPlist.strings in Resources */ = {isa = PBXBuildFile; fileRef = BA0E1D6B15540F7000C48777 /* InfoPlist.strings */; };
		BA0E1D6F15540F7000C48777 /* main.m in Sources */ = {isa = PBXBuildFile; fileRef = BA0E1D6E15540F7000C48777 /* main.m */; };
		BA0E1D7315540F7000C48777 /* UNIAppDelegate.m in Sources */ = {isa = PBXBuildFile; fileRef = BA0E1D7215540F7000C48777 /* UNIAppDelegate.m */; };
		BA0E1D7615540F7000C48777 /* MainStoryboard.storyboard in Resources */ = {isa = PBXBuildFile; fileRef = BA0E1D7415540F7000C48777 /* MainStoryboard.storyboard */; };
		BA0E1D7915540F7000C48777 /* UNIFirstViewController.m in Sources */ = {isa = PBXBuildFile; fileRef = BA0E1D7815540F7000C48777 /* UNIFirstViewController.m */; };
		BA0E1D7B15540F7000C48777 /* first.png in Resources */ = {isa = PBXBuildFile; fileRef = BA0E1D7A15540F7000C48777 /* first.png */; };
		BA0E1D7D15540F7000C48777 /* first@2x.png in Resources */ = {isa = PBXBuildFile; fileRef = BA0E1D7C15540F7000C48777 /* first@2x.png */; };
		BA0E1D8015540F7000C48777 /* UNISecondViewController.m in Sources */ = {isa = PBXBuildFile; fileRef = BA0E1D7F15540F7000C48777 /* UNISecondViewController.m */; };
		BA0E1D8215540F7000C48777 /* second.png in Resources */ = {isa = PBXBuildFile; fileRef = BA0E1D8115540F7000C48777 /* second.png */; };
		BA0E1D8415540F7000C48777 /* second@2x.png in Resources */ = {isa = PBXBuildFile; fileRef = BA0E1D8315540F7000C48777 /* second@2x.png */; };
/* End PBXBuildFile section */

/* Begin PBXFileReference section */
		BA0E1D5E15540F7000C48777 /* storefront-ios.app */ = {isa = PBXFileReference; explicitFileType = wrapper.application; includeInIndex = 0; path = "storefront-ios.app"; sourceTree = BUILT_PRODUCTS_DIR; };
		BA0E1D6215540F7000C48777 /* UIKit.framework */ = {isa = PBXFileReference; lastKnownFileType = wrapper.framework; name = UIKit.framework; path = System/Library/Frameworks/UIKit.framework; sourceTree = SDKROOT; };
		BA0E1D6415540F7000C48777 /* Foundation.framework */ = {isa = PBXFileReference; lastKnownFileType = wrapper.framework; name = Foundation.framework; path = System/Library/Frameworks/Foundation.framework; sourceTree = SDKROOT; };
		BA0E1D6615540F7000C48777 /* CoreGraphics.framework */ = {isa = PBXFileReference; lastKnownFileType = wrapper.framework; name = CoreGraphics.framework; path = System/Library/Frameworks/CoreGraphics.framework; sourceTree = SDKROOT; };
		BA0E1D6A15540F7000C48777 /* storefront-ios-Info.plist */ = {isa = PBXFileReference; path = "storefront-ios-Info.plist"; sourceTree = "<group>"; };
		BA0E1D6C15540F7000C48777 /* en */ = {isa = PBXFileReference; lastKnownFileType = text.plist.strings; name = en; path = en.lproj/InfoPlist.strings; sourceTree = "<group>"; };
		BA0E1D6E15540F7000C48777 /* main.m */ = {isa = PBXFileReference; lastKnownFileType = sourcecode.c.objc; path = main.m; sourceTree = "<group>"; };
		BA0E1D7015540F7000C48777 /* storefront-ios-Prefix.pch */ = {isa = PBXFileReference; path = "storefront-ios-Prefix.pch"; sourceTree = "<group>"; };
		BA0E1D7115540F7000C48777 /* UNIAppDelegate.h */ = {isa = PBXFileReference; path = UNIAppDelegate.h; sourceTree = "<group>"; };
		BA0E1D7215540F7000C48777 /* UNIAppDelegate.m */ = {isa = PBXFileReference; lastKnownFileType = sourcecode.c.objc; path = UNIAppDelegate.m; sourceTree = "<group>"; };
		BA0E1D7515540F7000C48777 /* en */ = {isa = PBXFileReference; lastKnownFileType = file.storyboard; name = en; path = en.lproj/MainStoryboard.storyboard; sourceTree = "<group>"; };
		BA0E1D7715540F7000C48777 /* UNIFirstViewController.h */ = {isa = PBXFileReference; path = UNIFirstViewController.h; sourceTree = "<group>"; };
		BA0E1D7815540F7000C48777 /* UNIFirstViewController.m */ = {isa = PBXFileReference; lastKnownFileType = sourcecode.c.objc; path = UNIFirstViewController.m; sourceTree = "<group>"; };
		BA0E1D7A15540F7000C48777 /* first.png */ = {isa = PBXFileReference; lastKnownFileType = image.png; path = first.png; sourceTree = "<group>"; };
		BA0E1D7C15540F7000C48777 /* first@2x.png */ = {isa = PBXFileReference; lastKnownFileType = image.png; path = "first@2x.png"; sourceTree = "<group>"; };
		BA0E1D7E15540F7000C48777 /* UNISecondViewController.h */ = {isa = PBXFileReference; path = UNISecondViewController.h; sourceTree = "<group>"; };
		BA0E1D7F15540F7000C48777 /* UNISecondViewController.m */ = {isa = PBXFileReference; lastKnownFileType = sourcecode.c.objc; path = UNISecondViewController.m; sourceTree = "<group>"; };
		BA0E1D8115540F7000C48777 /* second.png */ = {isa = PBXFileReference; lastKnownFileType = image.png; path = second.png; sourceTree = "<group>"; };
		BA0E1D8315540F7000C48777 /* second@2x.png */ = {isa = PBXFileReference; lastKnownFileType = image.png; path = "second@2x.png"; sourceTree = "<group>"; };
/* End PBXFileReference section */

/* Begin PBXFrameworksBuildPhase section */
		BA0E1D5B15540F7000C48777 /* Frameworks */ = {
			isa = PBXFrameworksBuildPhase;
			buildActionMask = 2147483647;
			files = (
				BA0E1D6315540F7000C48777 /* UIKit.framework in Frameworks */,
				BA0E1D6515540F7000C48777 /* Foundation.framework in Frameworks */,
				BA0E1D6715540F7000C48777 /* CoreGraphics.framework in Frameworks */,
			);
			runOnlyForDeploymentPostprocessing = 0;
		};
/* End PBXFrameworksBuildPhase section */

/* Begin PBXGroup section */
		BA0E1D5315540F7000C48777 = {
			isa = PBXGroup;
			children = (
				BA0E1D6815540F7000C48777 /* storefront-ios */,
				BA0E1D6115540F7000C48777 /* Frameworks */,
				BA0E1D5F15540F7000C48777 /* Products */,
			);
			sourceTree = "<group>";
		};
		BA0E1D5F15540F7000C48777 /* Products */ = {
			isa = PBXGroup;
			children = (
				BA0E1D5E15540F7000C48777 /* storefront-ios.app */,
			);
			name = Products;
			sourceTree = "<group>";
		};
		BA0E1D6115540F7000C48777 /* Frameworks */ = {
			isa = PBXGroup;
			children = (
				BA0E1D6215540F7000C48777 /* UIKit.framework */,
				BA0E1D6415540F7000C48777 /* Foundation.framework */,
				BA0E1D6615540F7000C48777 /* CoreGraphics.framework */,
			);
			name = Frameworks;
			sourceTree = "<group>";
		};
		BA0E1D6815540F7000C48777 /* storefront-ios */ = {
			isa = PBXGroup;
			children = (
				BA0E1D7115540F7000C48777 /* UNIAppDelegate.h */,
				BA0E1D7215540F7000C48777 /* UNIAppDelegate.m */,
				BA0E1D7415540F7000C48777 /* MainStoryboard.storyboard */,
				BA0E1D7715540F7000C48777 /* UNIFirstViewController.h */,
				BA0E1D7815540F7000C48777 /* UNIFirstViewController.m */,
				BA0E1D7A15540F7000C48777 /* first.png */,
				BA0E1D7C15540F7000C48777 /* first@2x.png */,
				BA0E1D7E15540F7000C48777 /* UNISecondViewController.h */,
				BA0E1D7F15540F7000C48777 /* UNISecondViewController.m */,
				BA0E1D8115540F7000C48777 /* second.png */,
				BA0E1D8315540F7000C48777 /* second@2x.png */,
				BA0E1D6915540F7000C48777 /* Supporting Files */,
			);
			path = "storefront-ios";
			sourceTree = "<group>";
		};
		BA0E1D6915540F7000C48777 /* Supporting Files */ = {
			isa = PBXGroup;
			children = (
				BA0E1D6A15540F7000C48777 /* storefront-ios-Info.plist */,
				BA0E1D6B15540F7000C48777 /* InfoPlist.strings */,
				BA0E1D6E15540F7000C48777 /* main.m */,
				BA0E1D7015540F7000C48777 /* storefront-ios-Prefix.pch */,
			);
			name = "Supporting Files";
			sourceTree = "<group>";
		};
/* End PBXGroup section */

/* Begin PBXNativeTarget section */
		BA0E1D5D15540F7000C48777 /* storefront-ios */ = {
			isa = PBXNativeTarget;
			buildConfigurationList = BA0E1D8715540F7000C48777 /* Build configuration list for PBXNativeTarget "storefront-ios" */;
			buildPhases = (
				BA0E1D5A15540F7000C48777 /* Sources */,
				BA0E1D5B15540F7000C48777 /* Frameworks */,
				BA0E1D5C15540F7000C48777 /* Resources */,
			);
			buildRules = (
			);
			dependencies = (
			);
			name = "storefront-ios";
			productName = "storefront-ios";
			productReference = BA0E1D5E15540F7000C48777 /* storefront-ios.app */;
			productType = "com.apple.product-type.application";
		};
/* End PBXNativeTarget section */

/* Begin PBXProject section */
		BA0E1D5515540F7000C48777 /* Project object */ = {
			isa = PBXProject;
			attributes = {
				CLASSPREFIX = UNI;
				LastUpgradeCheck = 0430;
			};
			buildConfigurationList = BA0E1D5815540F7000C48777 /* Build configuration list for PBXProject "storefront-ios" */;
			compatibilityVersion = "Xcode 3.2";
			developmentRegion = English;
			hasScannedForEncodings = 0;
			knownRegions = (
				en,
			);
			mainGroup = BA0E1D5315540F7000C48777;
			productRefGroup = BA0E1D5F15540F7000C48777 /* Products */;
			projectDirPath = "";
			projectRoot = "";
			targets = (
				BA0E1D5D15540F7000C48777 /* storefront-ios */,
			);
		};
/* End PBXProject section */

/* Begin PBXResourcesBuildPhase section */
		BA0E1D5C15540F7000C48777 /* Resources */ = {
			isa = PBXResourcesBuildPhase;
			buildActionMask = 2147483647;
			files = (
				BA0E1D6D15540F7000C48777 /* InfoPlist.strings in Resources */,
				BA0E1D7615540F7000C48777 /* MainStoryboard.storyboard in Resources */,
				BA0E1D7B15540F7000C48777 /* first.png in Resources */,
				BA0E1D7D15540F7000C48777 /* first@2x.png in Resources */,
				BA0E1D8215540F7000C48777 /* second.png in Resources */,
				BA0E1D8415540F7000C48777 /* second@2x.png in Resources */,
			);
			runOnlyForDeploymentPostprocessing = 0;
		};
/* End PBXResourcesBuildPhase section */

/* Begin PBXSourcesBuildPhase section */
		BA0E1D5A15540F7000C48777 /* Sources */ = {
			isa = PBXSourcesBuildPhase;
			buildActionMask = 2147483647;
			files = (
				BA0E1D6F15540F7000C48777 /* main.m in Sources */,
				BA0E1D7315540F7000C48777 /* UNIAppDelegate.m in Sources */,
				BA0E1D7915540F7000C48777 /* UNIFirstViewController.m in Sources */,
				BA0E1D8015540F7000C48777 /* UNISecondViewController.m in Sources */,
			);
			runOnlyForDeploymentPostprocessing = 0;
		};
/* End PBXSourcesBuildPhase section */

/* Begin PBXVariantGroup section */
		BA0E1D6B15540F7000C48777 /* InfoPlist.strings */ = {
			isa = PBXVariantGroup;
			children = (
				BA0E1D6C15540F7000C48777 /* en */,
			);
			name = InfoPlist.strings;
			sourceTree = "<group>";
		};
		BA0E1D7415540F7000C48777 /* MainStoryboard.storyboard */ = {
			isa = PBXVariantGroup;
			children = (
				BA0E1D7515540F7000C48777 /* en */,
			);
			name = MainStoryboard.storyboard;
			sourceTree = "<group>";
		};
/* End PBXVariantGroup section */

/* Begin XCBuildConfiguration section */
		BA0E1D8515540F7000C48777 /* Debug */ = {
			isa = XCBuildConfiguration;
			buildSettings = {
				ALWAYS_SEARCH_USER_PATHS = NO;
				ARCHS = "$(ARCHS_STANDARD_32_BIT)";
				CLANG_ENABLE_OBJC_ARC = YES;
				"CODE_SIGN_IDENTITY[sdk=iphoneos*]" = "iPhone Developer";
				COPY_PHASE_STRIP = NO;
				GCC_C_LANGUAGE_STANDARD = gnu99;
				GCC_DYNAMIC_NO_PIC = NO;
				GCC_OPTIMIZATION_LEVEL = 0;
				GCC_PREPROCESSOR_DEFINITIONS = (
					"DEBUG=1",
					"$(inherited)",
				);
				GCC_SYMBOLS_PRIVATE_EXTERN = NO;
				GCC_VERSION = com.apple.compilers.llvm.clang.1_0;
				GCC_WARN_ABOUT_RETURN_TYPE = YES;
				GCC_WARN_UNINITIALIZED_AUTOS = YES;
				GCC_WARN_UNUSED_VARIABLE = YES;
				IPHONEOS_DEPLOYMENT_TARGET = 5.1;
				SDKROOT = iphoneos;
			};
			name = Debug;
		};
		BA0E1D8615540F7000C48777 /* Release */ = {
			isa = XCBuildConfiguration;
			buildSettings = {
				ALWAYS_SEARCH_USER_PATHS = NO;
				ARCHS = "$(ARCHS_STANDARD_32_BIT)";
				CLANG_ENABLE_OBJC_ARC = YES;
				"CODE_SIGN_IDENTITY[sdk=iphoneos*]" = "iPhone Developer";
				COPY_PHASE_STRIP = YES;
				GCC_C_LANGUAGE_STANDARD = gnu99;
				GCC_VERSION = com.apple.compilers.llvm.clang.1_0;
				GCC_WARN_ABOUT_RETURN_TYPE = YES;
				GCC_WARN_UNINITIALIZED_AUTOS = YES;
				GCC_WARN_UNUSED_VARIABLE = YES;
				IPHONEOS_DEPLOYMENT_TARGET = 5.1;
				OTHER_CFLAGS = "-DNS_BLOCK_ASSERTIONS=1";
				SDKROOT = iphoneos;
				VALIDATE_PRODUCT = YES;
			};
			name = Release;
		};
		BA0E1D8815540F7000C48777 /* Debug */ = {
			isa = XCBuildConfiguration;
			buildSettings = {
				GCC_PRECOMPILE_PREFIX_HEADER = YES;
				GCC_PREFIX_HEADER = "storefront-ios/storefront-ios-Prefix.pch";
				INFOPLIST_FILE = "storefront-ios/storefront-ios-Info.plist";
				PRODUCT_NAME = "$(TARGET_NAME)";
				WRAPPER_EXTENSION = app;
			};
			name = Debug;
		};
		BA0E1D8915540F7000C48777 /* Release */ = {
			isa = XCBuildConfiguration;
			buildSettings = {
				GCC_PRECOMPILE_PREFIX_HEADER = YES;
				GCC_PREFIX_HEADER = "storefront-ios/storefront-ios-Prefix.pch";
				INFOPLIST_FILE = "storefront-ios/storefront-ios-Info.plist";
				PRODUCT_NAME = "$(TARGET_NAME)";
				WRAPPER_EXTENSION = app;
			};
			name = Release;
		};
/* End XCBuildConfiguration section */

/* Begin XCConfigurationList section */
		BA0E1D5815540F7000C48777 /* Build configuration list for PBXProject "storefront-ios" */ = {
			isa = XCConfigurationList;
			buildConfigurations = (
				BA0E1D8515540F7000C48777 /* Debug */,
				BA0E1D8615540F7000C48777 /* Release */,
			);
			defaultConfigurationIsVisible = 0;
			defaultConfigurationName = Release;
		};
		BA0E1D8715540F7000C48777 /* Build configuration list for PBXNativeTarget "storefront-ios" */ = {
			isa = XCConfigurationList;
			buildConfigurations = (
				BA0E1D8815540F7000C48777 /* Debug */,
				BA0E1D8915540F7000C48777 /* Release */,
			);
			defaultConfigurationIsVisible = 0;
		};
/* End XCConfigurationList section */
	};
	rootObject = BA0E1D5515540F7000C48777 /* Project object */;
}
